
Microsoft Visual Studio Solution File, Format Version 12.00
# Visual Studio 2012
Project("{FAE04EC0-301F-11D3-BF4B-00C04F79EFBC}") = "Clientix", "Clientix\Clientix.csproj", "{9112AFBE-5423-4E60-8D6E-6FE59099E278}"
EndProject
Project("{FAE04EC0-301F-11D3-BF4B-00C04F79EFBC}") = "Packet", "..\Nodix\ClassLibrary1\Packet.csproj", "{D1FAF55E-F444-439A-96A8-657547841702}"
EndProject
Global
	GlobalSection(SolutionConfigurationPlatforms) = preSolution
		Debug|Any CPU = Debug|Any CPU
		Release|Any CPU = Release|Any CPU
	EndGlobalSection
	GlobalSection(ProjectConfigurationPlatforms) = postSolution
		{9112AFBE-5423-4E60-8D6E-6FE59099E278}.Debug|Any CPU.ActiveCfg = Debug|Any CPU
		{9112AFBE-5423-4E60-8D6E-6FE59099E278}.Debug|Any CPU.Build.0 = Debug|Any CPU
		{9112AFBE-5423-4E60-8D6E-6FE59099E278}.Release|Any CPU.ActiveCfg = Release|Any CPU
		{9112AFBE-5423-4E60-8D6E-6FE59099E278}.Release|Any CPU.Build.0 = Release|Any CPU
		{D1FAF55E-F444-439A-96A8-657547841702}.Debug|Any CPU.ActiveCfg = Debug|Any CPU
		{D1FAF55E-F444-439A-96A8-657547841702}.Debug|Any CPU.Build.0 = Debug|Any CPU
		{D1FAF55E-F444-439A-96A8-657547841702}.Release|Any CPU.ActiveCfg = Release|Any CPU
		{D1FAF55E-F444-439A-96A8-657547841702}.Release|Any CPU.Build.0 = Release|Any CPU
	EndGlobalSection
	GlobalSection(SolutionProperties) = preSolution
		HideSolutionNode = FALSE
	EndGlobalSection
EndGlobal
